
Microsoft Visual Studio Solution File, Format Version 12.00
# Visual Studio Version 17
VisualStudioVersion = 17.10.34916.146
MinimumVisualStudioVersion = 10.0.40219.1
Project("{FAE04EC0-301F-11D3-BF4B-00C04F79EFBC}") = "StudentApi", "StudentApi\StudentApi.csproj", "{B783DCE1-D88A-4D74-AACA-9CDDD7B96773}"
EndProject
Global
	GlobalSection(SolutionConfigurationPlatforms) = preSolution
		Debug|Any CPU = Debug|Any CPU
		Release|Any CPU = Release|Any CPU
	EndGlobalSection
	GlobalSection(ProjectConfigurationPlatforms) = postSolution
		{B783DCE1-D88A-4D74-AACA-9CDDD7B96773}.Debug|Any CPU.ActiveCfg = Debug|Any CPU
		{B783DCE1-D88A-4D74-AACA-9CDDD7B96773}.Debug|Any CPU.Build.0 = Debug|Any CPU
		{B783DCE1-D88A-4D74-AACA-9CDDD7B96773}.Release|Any CPU.ActiveCfg = Release|Any CPU
		{B783DCE1-D88A-4D74-AACA-9CDDD7B96773}.Release|Any CPU.Build.0 = Release|Any CPU
	EndGlobalSection
	GlobalSection(SolutionProperties) = preSolution
		HideSolutionNode = FALSE
	EndGlobalSection
	GlobalSection(ExtensibilityGlobals) = postSolution
		SolutionGuid = {2FC563BF-02E7-45E3-80C5-EE02A8695664}
	EndGlobalSection
EndGlobal
